
Microsoft Visual Studio Solution File, Format Version 12.00
# Visual Studio Version 17
VisualStudioVersion = 17.5.33516.290
MinimumVisualStudioVersion = 10.0.40219.1
Project("{FAE04EC0-301F-11D3-BF4B-00C04F79EFBC}") = "Ex1)", "Ex1).csproj", "{D091D2A8-F307-4497-B71B-741A96EAB064}"
EndProject
Global
	GlobalSection(SolutionConfigurationPlatforms) = preSolution
		Debug|Any CPU = Debug|Any CPU
		Release|Any CPU = Release|Any CPU
	EndGlobalSection
	GlobalSection(ProjectConfigurationPlatforms) = postSolution
		{D091D2A8-F307-4497-B71B-741A96EAB064}.Debug|Any CPU.ActiveCfg = Debug|Any CPU
		{D091D2A8-F307-4497-B71B-741A96EAB064}.Debug|Any CPU.Build.0 = Debug|Any CPU
		{D091D2A8-F307-4497-B71B-741A96EAB064}.Release|Any CPU.ActiveCfg = Release|Any CPU
		{D091D2A8-F307-4497-B71B-741A96EAB064}.Release|Any CPU.Build.0 = Release|Any CPU
	EndGlobalSection
	GlobalSection(SolutionProperties) = preSolution
		HideSolutionNode = FALSE
	EndGlobalSection
	GlobalSection(ExtensibilityGlobals) = postSolution
		SolutionGuid = {90253359-7001-4205-8907-CB305B5BEB8A}
	EndGlobalSection
EndGlobal
